
Microsoft Visual Studio Solution File, Format Version 12.00
# Visual Studio Version 16
VisualStudioVersion = 16.0.29613.14
MinimumVisualStudioVersion = 10.0.40219.1
Project("{9A19103F-16F7-4668-BE54-9A1E7A4F7556}") = "Console", "Console\Console.csproj", "{E122536B-430D-4133-BE7C-98C22E9A455E}"
EndProject
Project("{9A19103F-16F7-4668-BE54-9A1E7A4F7556}") = "TuringMachine", "TuringMachine\TuringMachine.csproj", "{8D66FBB9-40D9-4B25-AB56-1BBB42CA07FA}"
EndProject
Project("{9A19103F-16F7-4668-BE54-9A1E7A4F7556}") = "TuringMachineTest", "TuringMachineTest\TuringMachineTest.csproj", "{76E2572E-66D7-4E0C-8303-E9D25EA8939E}"
EndProject
Project("{FAE04EC0-301F-11D3-BF4B-00C04F79EFBC}") = "Uwp", "Uwp\Uwp.csproj", "{62EEF294-EB2C-4555-8FE5-F884E796749E}"
EndProject
Global
	GlobalSection(SolutionConfigurationPlatforms) = preSolution
		Debug|Any CPU = Debug|Any CPU
		Debug|ARM = Debug|ARM
		Debug|ARM64 = Debug|ARM64
		Debug|x64 = Debug|x64
		Debug|x86 = Debug|x86
		Release|Any CPU = Release|Any CPU
		Release|ARM = Release|ARM
		Release|ARM64 = Release|ARM64
		Release|x64 = Release|x64
		Release|x86 = Release|x86
	EndGlobalSection
	GlobalSection(ProjectConfigurationPlatforms) = postSolution
		{E122536B-430D-4133-BE7C-98C22E9A455E}.Debug|Any CPU.ActiveCfg = Debug|Any CPU
		{E122536B-430D-4133-BE7C-98C22E9A455E}.Debug|Any CPU.Build.0 = Debug|Any CPU
		{E122536B-430D-4133-BE7C-98C22E9A455E}.Debug|ARM.ActiveCfg = Debug|Any CPU
		{E122536B-430D-4133-BE7C-98C22E9A455E}.Debug|ARM.Build.0 = Debug|Any CPU
		{E122536B-430D-4133-BE7C-98C22E9A455E}.Debug|ARM64.ActiveCfg = Debug|Any CPU
		{E122536B-430D-4133-BE7C-98C22E9A455E}.Debug|ARM64.Build.0 = Debug|Any CPU
		{E122536B-430D-4133-BE7C-98C22E9A455E}.Debug|x64.ActiveCfg = Debug|Any CPU
		{E122536B-430D-4133-BE7C-98C22E9A455E}.Debug|x64.Build.0 = Debug|Any CPU
		{E122536B-430D-4133-BE7C-98C22E9A455E}.Debug|x86.ActiveCfg = Debug|Any CPU
		{E122536B-430D-4133-BE7C-98C22E9A455E}.Debug|x86.Build.0 = Debug|Any CPU
		{E122536B-430D-4133-BE7C-98C22E9A455E}.Release|Any CPU.ActiveCfg = Release|Any CPU
		{E122536B-430D-4133-BE7C-98C22E9A455E}.Release|Any CPU.Build.0 = Release|Any CPU
		{E122536B-430D-4133-BE7C-98C22E9A455E}.Release|ARM.ActiveCfg = Release|Any CPU
		{E122536B-430D-4133-BE7C-98C22E9A455E}.Release|ARM.Build.0 = Release|Any CPU
		{E122536B-430D-4133-BE7C-98C22E9A455E}.Release|ARM64.ActiveCfg = Release|Any CPU
		{E122536B-430D-4133-BE7C-98C22E9A455E}.Release|ARM64.Build.0 = Release|Any CPU
		{E122536B-430D-4133-BE7C-98C22E9A455E}.Release|x64.ActiveCfg = Release|Any CPU
		{E122536B-430D-4133-BE7C-98C22E9A455E}.Release|x64.Build.0 = Release|Any CPU
		{E122536B-430D-4133-BE7C-98C22E9A455E}.Release|x86.ActiveCfg = Release|Any CPU
		{E122536B-430D-4133-BE7C-98C22E9A455E}.Release|x86.Build.0 = Release|Any CPU
		{8D66FBB9-40D9-4B25-AB56-1BBB42CA07FA}.Debug|Any CPU.ActiveCfg = Debug|Any CPU
		{8D66FBB9-40D9-4B25-AB56-1BBB42CA07FA}.Debug|Any CPU.Build.0 = Debug|Any CPU
		{8D66FBB9-40D9-4B25-AB56-1BBB42CA07FA}.Debug|ARM.ActiveCfg = Debug|Any CPU
		{8D66FBB9-40D9-4B25-AB56-1BBB42CA07FA}.Debug|ARM.Build.0 = Debug|Any CPU
		{8D66FBB9-40D9-4B25-AB56-1BBB42CA07FA}.Debug|ARM64.ActiveCfg = Debug|Any CPU
		{8D66FBB9-40D9-4B25-AB56-1BBB42CA07FA}.Debug|ARM64.Build.0 = Debug|Any CPU
		{8D66FBB9-40D9-4B25-AB56-1BBB42CA07FA}.Debug|x64.ActiveCfg = Debug|Any CPU
		{8D66FBB9-40D9-4B25-AB56-1BBB42CA07FA}.Debug|x64.Build.0 = Debug|Any CPU
		{8D66FBB9-40D9-4B25-AB56-1BBB42CA07FA}.Debug|x86.ActiveCfg = Debug|Any CPU
		{8D66FBB9-40D9-4B25-AB56-1BBB42CA07FA}.Debug|x86.Build.0 = Debug|Any CPU
		{8D66FBB9-40D9-4B25-AB56-1BBB42CA07FA}.Release|Any CPU.ActiveCfg = Release|Any CPU
		{8D66FBB9-40D9-4B25-AB56-1BBB42CA07FA}.Release|Any CPU.Build.0 = Release|Any CPU
		{8D66FBB9-40D9-4B25-AB56-1BBB42CA07FA}.Release|ARM.ActiveCfg = Release|Any CPU
		{8D66FBB9-40D9-4B25-AB56-1BBB42CA07FA}.Release|ARM.Build.0 = Release|Any CPU
		{8D66FBB9-40D9-4B25-AB56-1BBB42CA07FA}.Release|ARM64.ActiveCfg = Release|Any CPU
		{8D66FBB9-40D9-4B25-AB56-1BBB42CA07FA}.Release|ARM64.Build.0 = Release|Any CPU
		{8D66FBB9-40D9-4B25-AB56-1BBB42CA07FA}.Release|x64.ActiveCfg = Release|Any CPU
		{8D66FBB9-40D9-4B25-AB56-1BBB42CA07FA}.Release|x64.Build.0 = Release|Any CPU
		{8D66FBB9-40D9-4B25-AB56-1BBB42CA07FA}.Release|x86.ActiveCfg = Release|Any CPU
		{8D66FBB9-40D9-4B25-AB56-1BBB42CA07FA}.Release|x86.Build.0 = Release|Any CPU
		{76E2572E-66D7-4E0C-8303-E9D25EA8939E}.Debug|Any CPU.ActiveCfg = Debug|Any CPU
		{76E2572E-66D7-4E0C-8303-E9D25EA8939E}.Debug|Any CPU.Build.0 = Debug|Any CPU
		{76E2572E-66D7-4E0C-8303-E9D25EA8939E}.Debug|ARM.ActiveCfg = Debug|Any CPU
		{76E2572E-66D7-4E0C-8303-E9D25EA8939E}.Debug|ARM.Build.0 = Debug|Any CPU
		{76E2572E-66D7-4E0C-8303-E9D25EA8939E}.Debug|ARM64.ActiveCfg = Debug|Any CPU
		{76E2572E-66D7-4E0C-8303-E9D25EA8939E}.Debug|ARM64.Build.0 = Debug|Any CPU
		{76E2572E-66D7-4E0C-8303-E9D25EA8939E}.Debug|x64.ActiveCfg = Debug|Any CPU
		{76E2572E-66D7-4E0C-8303-E9D25EA8939E}.Debug|x64.Build.0 = Debug|Any CPU
		{76E2572E-66D7-4E0C-8303-E9D25EA8939E}.Debug|x86.ActiveCfg = Debug|Any CPU
		{76E2572E-66D7-4E0C-8303-E9D25EA8939E}.Debug|x86.Build.0 = Debug|Any CPU
		{76E2572E-66D7-4E0C-8303-E9D25EA8939E}.Release|Any CPU.ActiveCfg = Release|Any CPU
		{76E2572E-66D7-4E0C-8303-E9D25EA8939E}.Release|Any CPU.Build.0 = Release|Any CPU
		{76E2572E-66D7-4E0C-8303-E9D25EA8939E}.Release|ARM.ActiveCfg = Release|Any CPU
		{76E2572E-66D7-4E0C-8303-E9D25EA8939E}.Release|ARM.Build.0 = Release|Any CPU
		{76E2572E-66D7-4E0C-8303-E9D25EA8939E}.Release|ARM64.ActiveCfg = Release|Any CPU
		{76E2572E-66D7-4E0C-8303-E9D25EA8939E}.Release|ARM64.Build.0 = Release|Any CPU
		{76E2572E-66D7-4E0C-8303-E9D25EA8939E}.Release|x64.ActiveCfg = Release|Any CPU
		{76E2572E-66D7-4E0C-8303-E9D25EA8939E}.Release|x64.Build.0 = Release|Any CPU
		{76E2572E-66D7-4E0C-8303-E9D25EA8939E}.Release|x86.ActiveCfg = Release|Any CPU
		{76E2572E-66D7-4E0C-8303-E9D25EA8939E}.Release|x86.Build.0 = Release|Any CPU
		{62EEF294-EB2C-4555-8FE5-F884E796749E}.Debug|Any CPU.ActiveCfg = Debug|x64
		{62EEF294-EB2C-4555-8FE5-F884E796749E}.Debug|Any CPU.Build.0 = Debug|x64
		{62EEF294-EB2C-4555-8FE5-F884E796749E}.Debug|Any CPU.Deploy.0 = Debug|x64
		{62EEF294-EB2C-4555-8FE5-F884E796749E}.Debug|ARM.ActiveCfg = Debug|ARM
		{62EEF294-EB2C-4555-8FE5-F884E796749E}.Debug|ARM.Build.0 = Debug|ARM
		{62EEF294-EB2C-4555-8FE5-F884E796749E}.Debug|ARM.Deploy.0 = Debug|ARM
		{62EEF294-EB2C-4555-8FE5-F884E796749E}.Debug|ARM64.ActiveCfg = Debug|ARM64
		{62EEF294-EB2C-4555-8FE5-F884E796749E}.Debug|ARM64.Build.0 = Debug|ARM64
		{62EEF294-EB2C-4555-8FE5-F884E796749E}.Debug|ARM64.Deploy.0 = Debug|ARM64
		{62EEF294-EB2C-4555-8FE5-F884E796749E}.Debug|x64.ActiveCfg = Debug|x64
		{62EEF294-EB2C-4555-8FE5-F884E796749E}.Debug|x64.Build.0 = Debug|x64
		{62EEF294-EB2C-4555-8FE5-F884E796749E}.Debug|x64.Deploy.0 = Debug|x64
		{62EEF294-EB2C-4555-8FE5-F884E796749E}.Debug|x86.ActiveCfg = Debug|x86
		{62EEF294-EB2C-4555-8FE5-F884E796749E}.Debug|x86.Build.0 = Debug|x86
		{62EEF294-EB2C-4555-8FE5-F884E796749E}.Debug|x86.Deploy.0 = Debug|x86
		{62EEF294-EB2C-4555-8FE5-F884E796749E}.Release|Any CPU.ActiveCfg = Release|x86
		{62EEF294-EB2C-4555-8FE5-F884E796749E}.Release|ARM.ActiveCfg = Release|ARM
		{62EEF294-EB2C-4555-8FE5-F884E796749E}.Release|ARM.Build.0 = Release|ARM
		{62EEF294-EB2C-4555-8FE5-F884E796749E}.Release|ARM.Deploy.0 = Release|ARM
		{62EEF294-EB2C-4555-8FE5-F884E796749E}.Release|ARM64.ActiveCfg = Release|ARM64
		{62EEF294-EB2C-4555-8FE5-F884E796749E}.Release|ARM64.Build.0 = Release|ARM64
		{62EEF294-EB2C-4555-8FE5-F884E796749E}.Release|ARM64.Deploy.0 = Release|ARM64
		{62EEF294-EB2C-4555-8FE5-F884E796749E}.Release|x64.ActiveCfg = Release|x64
		{62EEF294-EB2C-4555-8FE5-F884E796749E}.Release|x64.Build.0 = Release|x64
		{62EEF294-EB2C-4555-8FE5-F884E796749E}.Release|x64.Deploy.0 = Release|x64
		{62EEF294-EB2C-4555-8FE5-F884E796749E}.Release|x86.ActiveCfg = Release|x86
		{62EEF294-EB2C-4555-8FE5-F884E796749E}.Release|x86.Build.0 = Release|x86
		{62EEF294-EB2C-4555-8FE5-F884E796749E}.Release|x86.Deploy.0 = Release|x86
	EndGlobalSection
	GlobalSection(SolutionProperties) = preSolution
		HideSolutionNode = FALSE
	EndGlobalSection
	GlobalSection(ExtensibilityGlobals) = postSolution
		SolutionGuid = {5B3DFE1F-C3C0-40B3-9EAF-769910059441}
	EndGlobalSection
EndGlobal
